Microsoft Visual Studio Solution File, Format Version 11.00
# Visual Studio 2008

Project("{1979F927-432B-C0BB-ED1B-B83C87D036F8}") = "TestMenu", "Assembly-CSharp.csproj", "{C2C8578A-771B-2296-9895-DBE5458E210B}"
EndProject
Global
	GlobalSection(SolutionConfigurationPlatforms) = preSolution
		Debug|Any CPU = Debug|Any CPU
		Release|Any CPU = Release|Any CPU
	EndGlobalSection
	GlobalSection(ProjectConfigurationPlatforms) = postSolution
		{C2C8578A-771B-2296-9895-DBE5458E210B}.Debug|Any CPU.ActiveCfg = Debug|Any CPU
		{C2C8578A-771B-2296-9895-DBE5458E210B}.Debug|Any CPU.Build.0 = Debug|Any CPU
		{C2C8578A-771B-2296-9895-DBE5458E210B}.Release|Any CPU.ActiveCfg = Release|Any CPU
		{C2C8578A-771B-2296-9895-DBE5458E210B}.Release|Any CPU.Build.0 = Release|Any CPU
	EndGlobalSection
	GlobalSection(SolutionProperties) = preSolution
		HideSolutionNode = FALSE
	EndGlobalSection
	GlobalSection(MonoDevelopProperties) = preSolution
		StartupItem = Assembly-CSharp.csproj
	EndGlobalSection
EndGlobal
